
Microsoft Visual Studio Solution File, Format Version 11.00
# Visual Studio 2010
Project("{8BC9CEB8-8B4A-11D0-8D11-00A0C91BC942}") = "SampleFramework-MT", "..\..\SampleFramework\framework\compiler\vc10win64\SampleFramework-MT.vcxproj", "{FF8DA186-7DDE-74A1-F79B-A7F835358130}"
EndProject
Project("{8BC9CEB8-8B4A-11D0-8D11-00A0C91BC942}") = "SamplePlatform-MT", "..\..\SampleFramework\platform\compiler\vc10win64\SamplePlatform-MT.vcxproj", "{0A90AE79-F4E5-0867-240B-00CCA51395D0}"
EndProject
Project("{8BC9CEB8-8B4A-11D0-8D11-00A0C91BC942}") = "SampleRenderer-MT", "..\..\SampleFramework\renderer\compiler\vc10win64\SampleRenderer-MT.vcxproj", "{05CF423A-0F88-5BAE-9299-B23FFFE06CED}"
EndProject
Project("{8BC9CEB8-8B4A-11D0-8D11-00A0C91BC942}") = "PxToolkit", "..\..\PxToolkit\compiler\vc10win64\PxToolkit.vcxproj", "{81B24F5F-CC0B-C514-9C83-4E05CCC96711}"
EndProject
Project("{8BC9CEB8-8B4A-11D0-8D11-00A0C91BC942}") = "SampleBase", "..\..\SampleBase\compiler\vc10win64\SampleBase.vcxproj", "{CB76C815-011E-8AC4-0583-F0A661EB6E16}"
EndProject
Project("{8BC9CEB8-8B4A-11D0-8D11-00A0C91BC942}") = "Practice", "..\..\Practice\compiler\vc10win64\Practice.vcxproj", "{74F07C18-DAF6-47A6-B4F0-2B8EC0312EB6}"
EndProject
Global
	GlobalSection(SolutionConfigurationPlatforms) = preSolution
		checked|Mixed Platforms = checked|Mixed Platforms
		checked|Win32 = checked|Win32
		checked|x64 = checked|x64
		debug|Mixed Platforms = debug|Mixed Platforms
		debug|Win32 = debug|Win32
		debug|x64 = debug|x64
		profile|Mixed Platforms = profile|Mixed Platforms
		profile|Win32 = profile|Win32
		profile|x64 = profile|x64
		release|Mixed Platforms = release|Mixed Platforms
		release|Win32 = release|Win32
		release|x64 = release|x64
	EndGlobalSection
	GlobalSection(ProjectConfigurationPlatforms) = postSolution
		{FF8DA186-7DDE-74A1-F79B-A7F835358130}.checked|Mixed Platforms.ActiveCfg = checked|x64
		{FF8DA186-7DDE-74A1-F79B-A7F835358130}.checked|Mixed Platforms.Build.0 = checked|x64
		{FF8DA186-7DDE-74A1-F79B-A7F835358130}.checked|Win32.ActiveCfg = checked|x64
		{FF8DA186-7DDE-74A1-F79B-A7F835358130}.checked|Win32.Build.0 = checked|x64
		{FF8DA186-7DDE-74A1-F79B-A7F835358130}.checked|x64.ActiveCfg = checked|x64
		{FF8DA186-7DDE-74A1-F79B-A7F835358130}.checked|x64.Build.0 = checked|x64
		{FF8DA186-7DDE-74A1-F79B-A7F835358130}.debug|Mixed Platforms.ActiveCfg = debug|x64
		{FF8DA186-7DDE-74A1-F79B-A7F835358130}.debug|Mixed Platforms.Build.0 = debug|x64
		{FF8DA186-7DDE-74A1-F79B-A7F835358130}.debug|Win32.ActiveCfg = debug|x64
		{FF8DA186-7DDE-74A1-F79B-A7F835358130}.debug|Win32.Build.0 = debug|x64
		{FF8DA186-7DDE-74A1-F79B-A7F835358130}.debug|x64.ActiveCfg = debug|x64
		{FF8DA186-7DDE-74A1-F79B-A7F835358130}.debug|x64.Build.0 = debug|x64
		{FF8DA186-7DDE-74A1-F79B-A7F835358130}.profile|Mixed Platforms.ActiveCfg = profile|x64
		{FF8DA186-7DDE-74A1-F79B-A7F835358130}.profile|Mixed Platforms.Build.0 = profile|x64
		{FF8DA186-7DDE-74A1-F79B-A7F835358130}.profile|Win32.ActiveCfg = profile|x64
		{FF8DA186-7DDE-74A1-F79B-A7F835358130}.profile|Win32.Build.0 = profile|x64
		{FF8DA186-7DDE-74A1-F79B-A7F835358130}.profile|x64.ActiveCfg = profile|x64
		{FF8DA186-7DDE-74A1-F79B-A7F835358130}.profile|x64.Build.0 = profile|x64
		{FF8DA186-7DDE-74A1-F79B-A7F835358130}.release|Mixed Platforms.ActiveCfg = release|x64
		{FF8DA186-7DDE-74A1-F79B-A7F835358130}.release|Mixed Platforms.Build.0 = release|x64
		{FF8DA186-7DDE-74A1-F79B-A7F835358130}.release|Win32.ActiveCfg = release|x64
		{FF8DA186-7DDE-74A1-F79B-A7F835358130}.release|Win32.Build.0 = release|x64
		{FF8DA186-7DDE-74A1-F79B-A7F835358130}.release|x64.ActiveCfg = release|x64
		{FF8DA186-7DDE-74A1-F79B-A7F835358130}.release|x64.Build.0 = release|x64
		{0A90AE79-F4E5-0867-240B-00CCA51395D0}.checked|Mixed Platforms.ActiveCfg = checked|x64
		{0A90AE79-F4E5-0867-240B-00CCA51395D0}.checked|Mixed Platforms.Build.0 = checked|x64
		{0A90AE79-F4E5-0867-240B-00CCA51395D0}.checked|Win32.ActiveCfg = checked|x64
		{0A90AE79-F4E5-0867-240B-00CCA51395D0}.checked|Win32.Build.0 = checked|x64
		{0A90AE79-F4E5-0867-240B-00CCA51395D0}.checked|x64.ActiveCfg = checked|x64
		{0A90AE79-F4E5-0867-240B-00CCA51395D0}.checked|x64.Build.0 = checked|x64
		{0A90AE79-F4E5-0867-240B-00CCA51395D0}.debug|Mixed Platforms.ActiveCfg = debug|x64
		{0A90AE79-F4E5-0867-240B-00CCA51395D0}.debug|Mixed Platforms.Build.0 = debug|x64
		{0A90AE79-F4E5-0867-240B-00CCA51395D0}.debug|Win32.ActiveCfg = debug|x64
		{0A90AE79-F4E5-0867-240B-00CCA51395D0}.debug|Win32.Build.0 = debug|x64
		{0A90AE79-F4E5-0867-240B-00CCA51395D0}.debug|x64.ActiveCfg = debug|x64
		{0A90AE79-F4E5-0867-240B-00CCA51395D0}.debug|x64.Build.0 = debug|x64
		{0A90AE79-F4E5-0867-240B-00CCA51395D0}.profile|Mixed Platforms.ActiveCfg = profile|x64
		{0A90AE79-F4E5-0867-240B-00CCA51395D0}.profile|Mixed Platforms.Build.0 = profile|x64
		{0A90AE79-F4E5-0867-240B-00CCA51395D0}.profile|Win32.ActiveCfg = profile|x64
		{0A90AE79-F4E5-0867-240B-00CCA51395D0}.profile|Win32.Build.0 = profile|x64
		{0A90AE79-F4E5-0867-240B-00CCA51395D0}.profile|x64.ActiveCfg = profile|x64
		{0A90AE79-F4E5-0867-240B-00CCA51395D0}.profile|x64.Build.0 = profile|x64
		{0A90AE79-F4E5-0867-240B-00CCA51395D0}.release|Mixed Platforms.ActiveCfg = release|x64
		{0A90AE79-F4E5-0867-240B-00CCA51395D0}.release|Mixed Platforms.Build.0 = release|x64
		{0A90AE79-F4E5-0867-240B-00CCA51395D0}.release|Win32.ActiveCfg = release|x64
		{0A90AE79-F4E5-0867-240B-00CCA51395D0}.release|Win32.Build.0 = release|x64
		{0A90AE79-F4E5-0867-240B-00CCA51395D0}.release|x64.ActiveCfg = release|x64
		{0A90AE79-F4E5-0867-240B-00CCA51395D0}.release|x64.Build.0 = release|x64
		{05CF423A-0F88-5BAE-9299-B23FFFE06CED}.checked|Mixed Platforms.ActiveCfg = checked|x64
		{05CF423A-0F88-5BAE-9299-B23FFFE06CED}.checked|Mixed Platforms.Build.0 = checked|x64
		{05CF423A-0F88-5BAE-9299-B23FFFE06CED}.checked|Win32.ActiveCfg = checked|x64
		{05CF423A-0F88-5BAE-9299-B23FFFE06CED}.checked|Win32.Build.0 = checked|x64
		{05CF423A-0F88-5BAE-9299-B23FFFE06CED}.checked|x64.ActiveCfg = checked|x64
		{05CF423A-0F88-5BAE-9299-B23FFFE06CED}.checked|x64.Build.0 = checked|x64
		{05CF423A-0F88-5BAE-9299-B23FFFE06CED}.debug|Mixed Platforms.ActiveCfg = debug|x64
		{05CF423A-0F88-5BAE-9299-B23FFFE06CED}.debug|Mixed Platforms.Build.0 = debug|x64
		{05CF423A-0F88-5BAE-9299-B23FFFE06CED}.debug|Win32.ActiveCfg = debug|x64
		{05CF423A-0F88-5BAE-9299-B23FFFE06CED}.debug|Win32.Build.0 = debug|x64
		{05CF423A-0F88-5BAE-9299-B23FFFE06CED}.debug|x64.ActiveCfg = debug|x64
		{05CF423A-0F88-5BAE-9299-B23FFFE06CED}.debug|x64.Build.0 = debug|x64
		{05CF423A-0F88-5BAE-9299-B23FFFE06CED}.profile|Mixed Platforms.ActiveCfg = profile|x64
		{05CF423A-0F88-5BAE-9299-B23FFFE06CED}.profile|Mixed Platforms.Build.0 = profile|x64
		{05CF423A-0F88-5BAE-9299-B23FFFE06CED}.profile|Win32.ActiveCfg = profile|x64
		{05CF423A-0F88-5BAE-9299-B23FFFE06CED}.profile|Win32.Build.0 = profile|x64
		{05CF423A-0F88-5BAE-9299-B23FFFE06CED}.profile|x64.ActiveCfg = profile|x64
		{05CF423A-0F88-5BAE-9299-B23FFFE06CED}.profile|x64.Build.0 = profile|x64
		{05CF423A-0F88-5BAE-9299-B23FFFE06CED}.release|Mixed Platforms.ActiveCfg = release|x64
		{05CF423A-0F88-5BAE-9299-B23FFFE06CED}.release|Mixed Platforms.Build.0 = release|x64
		{05CF423A-0F88-5BAE-9299-B23FFFE06CED}.release|Win32.ActiveCfg = release|x64
		{05CF423A-0F88-5BAE-9299-B23FFFE06CED}.release|Win32.Build.0 = release|x64
		{05CF423A-0F88-5BAE-9299-B23FFFE06CED}.release|x64.ActiveCfg = release|x64
		{05CF423A-0F88-5BAE-9299-B23FFFE06CED}.release|x64.Build.0 = release|x64
		{81B24F5F-CC0B-C514-9C83-4E05CCC96711}.checked|Mixed Platforms.ActiveCfg = checked|x64
		{81B24F5F-CC0B-C514-9C83-4E05CCC96711}.checked|Mixed Platforms.Build.0 = checked|x64
		{81B24F5F-CC0B-C514-9C83-4E05CCC96711}.checked|Win32.ActiveCfg = checked|x64
		{81B24F5F-CC0B-C514-9C83-4E05CCC96711}.checked|Win32.Build.0 = checked|x64
		{81B24F5F-CC0B-C514-9C83-4E05CCC96711}.checked|x64.ActiveCfg = checked|x64
		{81B24F5F-CC0B-C514-9C83-4E05CCC96711}.checked|x64.Build.0 = checked|x64
		{81B24F5F-CC0B-C514-9C83-4E05CCC96711}.debug|Mixed Platforms.ActiveCfg = debug|x64
		{81B24F5F-CC0B-C514-9C83-4E05CCC96711}.debug|Mixed Platforms.Build.0 = debug|x64
		{81B24F5F-CC0B-C514-9C83-4E05CCC96711}.debug|Win32.ActiveCfg = debug|x64
		{81B24F5F-CC0B-C514-9C83-4E05CCC96711}.debug|Win32.Build.0 = debug|x64
		{81B24F5F-CC0B-C514-9C83-4E05CCC96711}.debug|x64.ActiveCfg = debug|x64
		{81B24F5F-CC0B-C514-9C83-4E05CCC96711}.debug|x64.Build.0 = debug|x64
		{81B24F5F-CC0B-C514-9C83-4E05CCC96711}.profile|Mixed Platforms.ActiveCfg = profile|x64
		{81B24F5F-CC0B-C514-9C83-4E05CCC96711}.profile|Mixed Platforms.Build.0 = profile|x64
		{81B24F5F-CC0B-C514-9C83-4E05CCC96711}.profile|Win32.ActiveCfg = profile|x64
		{81B24F5F-CC0B-C514-9C83-4E05CCC96711}.profile|Win32.Build.0 = profile|x64
		{81B24F5F-CC0B-C514-9C83-4E05CCC96711}.profile|x64.ActiveCfg = profile|x64
		{81B24F5F-CC0B-C514-9C83-4E05CCC96711}.profile|x64.Build.0 = profile|x64
		{81B24F5F-CC0B-C514-9C83-4E05CCC96711}.release|Mixed Platforms.ActiveCfg = release|x64
		{81B24F5F-CC0B-C514-9C83-4E05CCC96711}.release|Mixed Platforms.Build.0 = release|x64
		{81B24F5F-CC0B-C514-9C83-4E05CCC96711}.release|Win32.ActiveCfg = release|x64
		{81B24F5F-CC0B-C514-9C83-4E05CCC96711}.release|Win32.Build.0 = release|x64
		{81B24F5F-CC0B-C514-9C83-4E05CCC96711}.release|x64.ActiveCfg = release|x64
		{81B24F5F-CC0B-C514-9C83-4E05CCC96711}.release|x64.Build.0 = release|x64
		{CB76C815-011E-8AC4-0583-F0A661EB6E16}.checked|Mixed Platforms.ActiveCfg = checked|x64
		{CB76C815-011E-8AC4-0583-F0A661EB6E16}.checked|Mixed Platforms.Build.0 = checked|x64
		{CB76C815-011E-8AC4-0583-F0A661EB6E16}.checked|Win32.ActiveCfg = checked|x64
		{CB76C815-011E-8AC4-0583-F0A661EB6E16}.checked|Win32.Build.0 = checked|x64
		{CB76C815-011E-8AC4-0583-F0A661EB6E16}.checked|x64.ActiveCfg = checked|x64
		{CB76C815-011E-8AC4-0583-F0A661EB6E16}.checked|x64.Build.0 = checked|x64
		{CB76C815-011E-8AC4-0583-F0A661EB6E16}.debug|Mixed Platforms.ActiveCfg = debug|x64
		{CB76C815-011E-8AC4-0583-F0A661EB6E16}.debug|Mixed Platforms.Build.0 = debug|x64
		{CB76C815-011E-8AC4-0583-F0A661EB6E16}.debug|Win32.ActiveCfg = debug|x64
		{CB76C815-011E-8AC4-0583-F0A661EB6E16}.debug|Win32.Build.0 = debug|x64
		{CB76C815-011E-8AC4-0583-F0A661EB6E16}.debug|x64.ActiveCfg = debug|x64
		{CB76C815-011E-8AC4-0583-F0A661EB6E16}.debug|x64.Build.0 = debug|x64
		{CB76C815-011E-8AC4-0583-F0A661EB6E16}.profile|Mixed Platforms.ActiveCfg = profile|x64
		{CB76C815-011E-8AC4-0583-F0A661EB6E16}.profile|Mixed Platforms.Build.0 = profile|x64
		{CB76C815-011E-8AC4-0583-F0A661EB6E16}.profile|Win32.ActiveCfg = profile|x64
		{CB76C815-011E-8AC4-0583-F0A661EB6E16}.profile|Win32.Build.0 = profile|x64
		{CB76C815-011E-8AC4-0583-F0A661EB6E16}.profile|x64.ActiveCfg = profile|x64
		{CB76C815-011E-8AC4-0583-F0A661EB6E16}.profile|x64.Build.0 = profile|x64
		{CB76C815-011E-8AC4-0583-F0A661EB6E16}.release|Mixed Platforms.ActiveCfg = release|x64
		{CB76C815-011E-8AC4-0583-F0A661EB6E16}.release|Mixed Platforms.Build.0 = release|x64
		{CB76C815-011E-8AC4-0583-F0A661EB6E16}.release|Win32.ActiveCfg = release|x64
		{CB76C815-011E-8AC4-0583-F0A661EB6E16}.release|Win32.Build.0 = release|x64
		{CB76C815-011E-8AC4-0583-F0A661EB6E16}.release|x64.ActiveCfg = release|x64
		{CB76C815-011E-8AC4-0583-F0A661EB6E16}.release|x64.Build.0 = release|x64
		{74F07C18-DAF6-47A6-B4F0-2B8EC0312EB6}.checked|Mixed Platforms.ActiveCfg = checked|x64
		{74F07C18-DAF6-47A6-B4F0-2B8EC0312EB6}.checked|Mixed Platforms.Build.0 = checked|x64
		{74F07C18-DAF6-47A6-B4F0-2B8EC0312EB6}.checked|Win32.ActiveCfg = Release|x64
		{74F07C18-DAF6-47A6-B4F0-2B8EC0312EB6}.checked|Win32.Build.0 = Release|x64
		{74F07C18-DAF6-47A6-B4F0-2B8EC0312EB6}.checked|x64.ActiveCfg = Release|x64
		{74F07C18-DAF6-47A6-B4F0-2B8EC0312EB6}.checked|x64.Build.0 = Release|x64
		{74F07C18-DAF6-47A6-B4F0-2B8EC0312EB6}.debug|Mixed Platforms.ActiveCfg = Debug|x64
		{74F07C18-DAF6-47A6-B4F0-2B8EC0312EB6}.debug|Mixed Platforms.Build.0 = Debug|x64
		{74F07C18-DAF6-47A6-B4F0-2B8EC0312EB6}.debug|Win32.ActiveCfg = Debug|x64
		{74F07C18-DAF6-47A6-B4F0-2B8EC0312EB6}.debug|Win32.Build.0 = Debug|x64
		{74F07C18-DAF6-47A6-B4F0-2B8EC0312EB6}.debug|x64.ActiveCfg = Debug|x64
		{74F07C18-DAF6-47A6-B4F0-2B8EC0312EB6}.debug|x64.Build.0 = Debug|x64
		{74F07C18-DAF6-47A6-B4F0-2B8EC0312EB6}.profile|Mixed Platforms.ActiveCfg = Release|x64
		{74F07C18-DAF6-47A6-B4F0-2B8EC0312EB6}.profile|Mixed Platforms.Build.0 = Release|x64
		{74F07C18-DAF6-47A6-B4F0-2B8EC0312EB6}.profile|Win32.ActiveCfg = Release|x64
		{74F07C18-DAF6-47A6-B4F0-2B8EC0312EB6}.profile|Win32.Build.0 = Release|x64
		{74F07C18-DAF6-47A6-B4F0-2B8EC0312EB6}.profile|x64.ActiveCfg = Release|x64
		{74F07C18-DAF6-47A6-B4F0-2B8EC0312EB6}.profile|x64.Build.0 = Release|x64
		{74F07C18-DAF6-47A6-B4F0-2B8EC0312EB6}.release|Mixed Platforms.ActiveCfg = Release|x64
		{74F07C18-DAF6-47A6-B4F0-2B8EC0312EB6}.release|Mixed Platforms.Build.0 = Release|x64
		{74F07C18-DAF6-47A6-B4F0-2B8EC0312EB6}.release|Win32.ActiveCfg = Release|x64
		{74F07C18-DAF6-47A6-B4F0-2B8EC0312EB6}.release|Win32.Build.0 = Release|x64
		{74F07C18-DAF6-47A6-B4F0-2B8EC0312EB6}.release|x64.ActiveCfg = Release|x64
		{74F07C18-DAF6-47A6-B4F0-2B8EC0312EB6}.release|x64.Build.0 = Release|x64
	EndGlobalSection
	GlobalSection(SolutionProperties) = preSolution
		HideSolutionNode = FALSE
	EndGlobalSection
EndGlobal
